// !$*UTF8*$!
{
	archiveVersion = 1;
	classes = {
	};
	objectVersion = 56;
	objects = {

/* Begin PBXBuildFile section */
		D8A181DF2BCCFFE600D3F10C /* newAPPApp.swift in Sources */ = {isa = PBXBuildFile; fileRef = D8A181DE2BCCFFE600D3F10C /* newAPPApp.swift */; };
		D8A181E12BCCFFE600D3F10C /* ContentView.swift in Sources */ = {isa = PBXBuildFile; fileRef = D8A181E02BCCFFE600D3F10C /* ContentView.swift */; };
		D8A181E32BCCFFE900D3F10C /* Assets.xcassets in Resources */ = {isa = PBXBuildFile; fileRef = D8A181E22BCCFFE900D3F10C /* Assets.xcassets */; };
		D8A181E62BCCFFE900D3F10C /* Preview Assets.xcassets in Resources */ = {isa = PBXBuildFile; fileRef = D8A181E52BCCFFE900D3F10C /* Preview Assets.xcassets */; };
		D8A181F12BCCFFE900D3F10C /* newAPPTests.swift in Sources */ = {isa = PBXBuildFile; fileRef = D8A181F02BCCFFE900D3F10C /* newAPPTests.swift */; };
		D8A181FB2BCCFFEA00D3F10C /* newAPPUITests.swift in Sources */ = {isa = PBXBuildFile; fileRef = D8A181FA2BCCFFEA00D3F10C /* newAPPUITests.swift */; };
		D8A181FD2BCCFFEA00D3F10C /* newAPPUITestsLaunchTests.swift in Sources */ = {isa = PBXBuildFile; fileRef = D8A181FC2BCCFFEA00D3F10C /* newAPPUITestsLaunchTests.swift */; };
		D8F326E52BCD00B10066B411 /* YouTubeKit in Frameworks */ = {isa = PBXBuildFile; productRef = D8F326E42BCD00B10066B411 /* YouTubeKit */; };
		D8F326EE2BCDD3790066B411 /* fitness-icon-for-your-website-design-logo-app-ui-free-vector.jpg in Resources */ = {isa = PBXBuildFile; fileRef = D8F326ED2BCDD3790066B411 /* fitness-icon-for-your-website-design-logo-app-ui-free-vector.jpg */; };
		D8F326FB2BCE45A40066B411 /* Assets.xcassets in Resources */ = {isa = PBXBuildFile; fileRef = D8A181E22BCCFFE900D3F10C /* Assets.xcassets */; };
		D8F326FC2BCE45A50066B411 /* Assets.xcassets in Resources */ = {isa = PBXBuildFile; fileRef = D8A181E22BCCFFE900D3F10C /* Assets.xcassets */; };
/* End PBXBuildFile section */

/* Begin PBXContainerItemProxy section */
		D8A181ED2BCCFFE900D3F10C /* PBXContainerItemProxy */ = {
			isa = PBXContainerItemProxy;
			containerPortal = D8A181D32BCCFFE600D3F10C /* Project object */;
			proxyType = 1;
			remoteGlobalIDString = D8A181DA2BCCFFE600D3F10C;
			remoteInfo = newAPP;
		};
		D8A181F72BCCFFEA00D3F10C /* PBXContainerItemProxy */ = {
			isa = PBXContainerItemProxy;
			containerPortal = D8A181D32BCCFFE600D3F10C /* Project object */;
			proxyType = 1;
			remoteGlobalIDString = D8A181DA2BCCFFE600D3F10C;
			remoteInfo = newAPP;
		};
/* End PBXContainerItemProxy section */

/* Begin PBXFileReference section */
		D8A181DB2BCCFFE600D3F10C /* newAPP.app */ = {isa = PBXFileReference; explicitFileType = wrapper.application; includeInIndex = 0; path = newAPP.app; sourceTree = BUILT_PRODUCTS_DIR; };
		D8A181DE2BCCFFE600D3F10C /* newAPPApp.swift */ = {isa = PBXFileReference; lastKnownFileType = sourcecode.swift; path = newAPPApp.swift; sourceTree = "<group>"; };
		D8A181E02BCCFFE600D3F10C /* ContentView.swift */ = {isa = PBXFileReference; lastKnownFileType = sourcecode.swift; path = ContentView.swift; sourceTree = "<group>"; };
		D8A181E22BCCFFE900D3F10C /* Assets.xcassets */ = {isa = PBXFileReference; lastKnownFileType = folder.assetcatalog; path = Assets.xcassets; sourceTree = "<group>"; };
		D8A181E52BCCFFE900D3F10C /* Preview Assets.xcassets */ = {isa = PBXFileReference; lastKnownFileType = folder.assetcatalog; path = "Preview Assets.xcassets"; sourceTree = "<group>"; };
		D8A181E72BCCFFE900D3F10C /* newAPP.entitlements */ = {isa = PBXFileReference; lastKnownFileType = text.plist.entitlements; path = newAPP.entitlements; sourceTree = "<group>"; };
		D8A181EC2BCCFFE900D3F10C /* newAPPTests.xctest */ = {isa = PBXFileReference; explicitFileType = wrapper.cfbundle; includeInIndex = 0; path = newAPPTests.xctest; sourceTree = BUILT_PRODUCTS_DIR; };
		D8A181F02BCCFFE900D3F10C /* newAPPTests.swift */ = {isa = PBXFileReference; lastKnownFileType = sourcecode.swift; path = newAPPTests.swift; sourceTree = "<group>"; };
		D8A181F62BCCFFEA00D3F10C /* newAPPUITests.xctest */ = {isa = PBXFileReference; explicitFileType = wrapper.cfbundle; includeInIndex = 0; path = newAPPUITests.xctest; sourceTree = BUILT_PRODUCTS_DIR; };
		D8A181FA2BCCFFEA00D3F10C /* newAPPUITests.swift */ = {isa = PBXFileReference; lastKnownFileType = sourcecode.swift; path = newAPPUITests.swift; sourceTree = "<group>"; };
		D8A181FC2BCCFFEA00D3F10C /* newAPPUITestsLaunchTests.swift */ = {isa = PBXFileReference; lastKnownFileType = sourcecode.swift; path = newAPPUITestsLaunchTests.swift; sourceTree = "<group>"; };
		D8F326E62BCD02530066B411 /* YouTubeKit */ = {isa = PBXFileReference; lastKnownFileType = text; path = YouTubeKit; sourceTree = SOURCE_ROOT; };
		D8F326ED2BCDD3790066B411 /* fitness-icon-for-your-website-design-logo-app-ui-free-vector.jpg */ = {isa = PBXFileReference; lastKnownFileType = image.jpeg; path = "fitness-icon-for-your-website-design-logo-app-ui-free-vector.jpg"; sourceTree = SOURCE_ROOT; };
/* End PBXFileReference section */

/* Begin PBXFrameworksBuildPhase section */
		D8A181D82BCCFFE600D3F10C /* Frameworks */ = {
			isa = PBXFrameworksBuildPhase;
			buildActionMask = 2147483647;
			files = (
				D8F326E52BCD00B10066B411 /* YouTubeKit in Frameworks */,
			);
			runOnlyForDeploymentPostprocessing = 0;
		};
		D8A181E92BCCFFE900D3F10C /* Frameworks */ = {
			isa = PBXFrameworksBuildPhase;
			buildActionMask = 2147483647;
			files = (
			);
			runOnlyForDeploymentPostprocessing = 0;
		};
		D8A181F32BCCFFEA00D3F10C /* Frameworks */ = {
			isa = PBXFrameworksBuildPhase;
			buildActionMask = 2147483647;
			files = (
			);
			runOnlyForDeploymentPostprocessing = 0;
		};
/* End PBXFrameworksBuildPhase section */

/* Begin PBXGroup section */
		D8A181D22BCCFFE600D3F10C = {
			isa = PBXGroup;
			children = (
				D8A181DD2BCCFFE600D3F10C /* newAPP */,
				D8A181EF2BCCFFE900D3F10C /* newAPPTests */,
				D8A181F92BCCFFEA00D3F10C /* newAPPUITests */,
				D8A181DC2BCCFFE600D3F10C /* Products */,
			);
			sourceTree = "<group>";
		};
		D8A181DC2BCCFFE600D3F10C /* Products */ = {
			isa = PBXGroup;
			children = (
				D8A181DB2BCCFFE600D3F10C /* newAPP.app */,
				D8A181EC2BCCFFE900D3F10C /* newAPPTests.xctest */,
				D8A181F62BCCFFEA00D3F10C /* newAPPUITests.xctest */,
			);
			name = Products;
			sourceTree = "<group>";
		};
		D8A181DD2BCCFFE600D3F10C /* newAPP */ = {
			isa = PBXGroup;
			children = (
				D8F326E62BCD02530066B411 /* YouTubeKit */,
				D8A181DE2BCCFFE600D3F10C /* newAPPApp.swift */,
				D8A181E02BCCFFE600D3F10C /* ContentView.swift */,
				D8A181E22BCCFFE900D3F10C /* Assets.xcassets */,
				D8F326ED2BCDD3790066B411 /* fitness-icon-for-your-website-design-logo-app-ui-free-vector.jpg */,
				D8A181E72BCCFFE900D3F10C /* newAPP.entitlements */,
				D8A181E42BCCFFE900D3F10C /* Preview Content */,
			);
			path = newAPP;
			sourceTree = "<group>";
		};
		D8A181E42BCCFFE900D3F10C /* Preview Content */ = {
			isa = PBXGroup;
			children = (
				D8A181E52BCCFFE900D3F10C /* Preview Assets.xcassets */,
			);
			path = "Preview Content";
			sourceTree = "<group>";
		};
		D8A181EF2BCCFFE900D3F10C /* newAPPTests */ = {
			isa = PBXGroup;
			children = (
				D8A181F02BCCFFE900D3F10C /* newAPPTests.swift */,
			);
			path = newAPPTests;
			sourceTree = "<group>";
		};
		D8A181F92BCCFFEA00D3F10C /* newAPPUITests */ = {
			isa = PBXGroup;
			children = (
				D8A181FA2BCCFFEA00D3F10C /* newAPPUITests.swift */,
				D8A181FC2BCCFFEA00D3F10C /* newAPPUITestsLaunchTests.swift */,
			);
			path = newAPPUITests;
			sourceTree = "<group>";
		};
/* End PBXGroup section */

/* Begin PBXNativeTarget section */
		D8A181DA2BCCFFE600D3F10C /* newAPP */ = {
			isa = PBXNativeTarget;
			buildConfigurationList = D8A182002BCCFFEA00D3F10C /* Build configuration list for PBXNativeTarget "newAPP" */;
			buildPhases = (
				D8A181D72BCCFFE600D3F10C /* Sources */,
				D8A181D82BCCFFE600D3F10C /* Frameworks */,
				D8A181D92BCCFFE600D3F10C /* Resources */,
			);
			buildRules = (
			);
			dependencies = (
			);
			name = newAPP;
			packageProductDependencies = (
				D8F326E42BCD00B10066B411 /* YouTubeKit */,
			);
			productName = newAPP;
			productReference = D8A181DB2BCCFFE600D3F10C /* newAPP.app */;
			productType = "com.apple.product-type.application";
		};
		D8A181EB2BCCFFE900D3F10C /* newAPPTests */ = {
			isa = PBXNativeTarget;
			buildConfigurationList = D8A182032BCCFFEA00D3F10C /* Build configuration list for PBXNativeTarget "newAPPTests" */;
			buildPhases = (
				D8A181E82BCCFFE900D3F10C /* Sources */,
				D8A181E92BCCFFE900D3F10C /* Frameworks */,
				D8A181EA2BCCFFE900D3F10C /* Resources */,
			);
			buildRules = (
			);
			dependencies = (
				D8A181EE2BCCFFE900D3F10C /* PBXTargetDependency */,
			);
			name = newAPPTests;
			productName = newAPPTests;
			productReference = D8A181EC2BCCFFE900D3F10C /* newAPPTests.xctest */;
			productType = "com.apple.product-type.bundle.unit-test";
		};
		D8A181F52BCCFFEA00D3F10C /* newAPPUITests */ = {
			isa = PBXNativeTarget;
			buildConfigurationList = D8A182062BCCFFEA00D3F10C /* Build configuration list for PBXNativeTarget "newAPPUITests" */;
			buildPhases = (
				D8A181F22BCCFFEA00D3F10C /* Sources */,
				D8A181F32BCCFFEA00D3F10C /* Frameworks */,
				D8A181F42BCCFFEA00D3F10C /* Resources */,
			);
			buildRules = (
			);
			dependencies = (
				D8A181F82BCCFFEA00D3F10C /* PBXTargetDependency */,
			);
			name = newAPPUITests;
			productName = newAPPUITests;
			productReference = D8A181F62BCCFFEA00D3F10C /* newAPPUITests.xctest */;
			productType = "com.apple.product-type.bundle.ui-testing";
		};
/* End PBXNativeTarget section */

/* Begin PBXProject section */
		D8A181D32BCCFFE600D3F10C /* Project object */ = {
			isa = PBXProject;
			attributes = {
				BuildIndependentTargetsInParallel = 1;
				LastSwiftUpdateCheck = 1520;
				LastUpgradeCheck = 1520;
				TargetAttributes = {
					D8A181DA2BCCFFE600D3F10C = {
						CreatedOnToolsVersion = 15.2;
					};
					D8A181EB2BCCFFE900D3F10C = {
						CreatedOnToolsVersion = 15.2;
						TestTargetID = D8A181DA2BCCFFE600D3F10C;
					};
					D8A181F52BCCFFEA00D3F10C = {
						CreatedOnToolsVersion = 15.2;
						TestTargetID = D8A181DA2BCCFFE600D3F10C;
					};
				};
			};
			buildConfigurationList = D8A181D62BCCFFE600D3F10C /* Build configuration list for PBXProject "newAPP" */;
			compatibilityVersion = "Xcode 14.0";
			developmentRegion = en;
			hasScannedForEncodings = 0;
			knownRegions = (
				en,
				Base,
			);
			mainGroup = D8A181D22BCCFFE600D3F10C;
			packageReferences = (
				D8F326E32BCD00B10066B411 /* XCRemoteSwiftPackageReference "YouTubeKit" */,
			);
			productRefGroup = D8A181DC2BCCFFE600D3F10C /* Products */;
			projectDirPath = "";
			projectRoot = "";
			targets = (
				D8A181DA2BCCFFE600D3F10C /* newAPP */,
				D8A181EB2BCCFFE900D3F10C /* newAPPTests */,
				D8A181F52BCCFFEA00D3F10C /* newAPPUITests */,
			);
		};
/* End PBXProject section */

/* Begin PBXResourcesBuildPhase section */
		D8A181D92BCCFFE600D3F10C /* Resources */ = {
			isa = PBXResourcesBuildPhase;
			buildActionMask = 2147483647;
			files = (
				D8F326EE2BCDD3790066B411 /* fitness-icon-for-your-website-design-logo-app-ui-free-vector.jpg in Resources */,
				D8A181E62BCCFFE900D3F10C /* Preview Assets.xcassets in Resources */,
				D8A181E32BCCFFE900D3F10C /* Assets.xcassets in Resources */,
			);
			runOnlyForDeploymentPostprocessing = 0;
		};
		D8A181EA2BCCFFE900D3F10C /* Resources */ = {
			isa = PBXResourcesBuildPhase;
			buildActionMask = 2147483647;
			files = (
				D8F326FB2BCE45A40066B411 /* Assets.xcassets in Resources */,
			);
			runOnlyForDeploymentPostprocessing = 0;
		};
		D8A181F42BCCFFEA00D3F10C /* Resources */ = {
			isa = PBXResourcesBuildPhase;
			buildActionMask = 2147483647;
			files = (
				D8F326FC2BCE45A50066B411 /* Assets.xcassets in Resources */,
			);
			runOnlyForDeploymentPostprocessing = 0;
		};
/* End PBXResourcesBuildPhase section */

/* Begin PBXSourcesBuildPhase section */
		D8A181D72BCCFFE600D3F10C /* Sources */ = {
			isa = PBXSourcesBuildPhase;
			buildActionMask = 2147483647;
			files = (
				D8A181E12BCCFFE600D3F10C /* ContentView.swift in Sources */,
				D8A181DF2BCCFFE600D3F10C /* newAPPApp.swift in Sources */,
			);
			runOnlyForDeploymentPostprocessing = 0;
		};
		D8A181E82BCCFFE900D3F10C /* Sources */ = {
			isa = PBXSourcesBuildPhase;
			buildActionMask = 2147483647;
			files = (
				D8A181F12BCCFFE900D3F10C /* newAPPTests.swift in Sources */,
			);
			runOnlyForDeploymentPostprocessing = 0;
		};
		D8A181F22BCCFFEA00D3F10C /* Sources */ = {
			isa = PBXSourcesBuildPhase;
			buildActionMask = 2147483647;
			files = (
				D8A181FB2BCCFFEA00D3F10C /* newAPPUITests.swift in Sources */,
				D8A181FD2BCCFFEA00D3F10C /* newAPPUITestsLaunchTests.swift in Sources */,
			);
			runOnlyForDeploymentPostprocessing = 0;
		};
/* End PBXSourcesBuildPhase section */

/* Begin PBXTargetDependency section */
		D8A181EE2BCCFFE900D3F10C /* PBXTargetDependency */ = {
			isa = PBXTargetDependency;
			target = D8A181DA2BCCFFE600D3F10C /* newAPP */;
			targetProxy = D8A181ED2BCCFFE900D3F10C /* PBXContainerItemProxy */;
		};
		D8A181F82BCCFFEA00D3F10C /* PBXTargetDependency */ = {
			isa = PBXTargetDependency;
			target = D8A181DA2BCCFFE600D3F10C /* newAPP */;
			targetProxy = D8A181F72BCCFFEA00D3F10C /* PBXContainerItemProxy */;
		};
/* End PBXTargetDependency section */

/* Begin XCBuildConfiguration section */
		D8A181FE2BCCFFEA00D3F10C /* Debug */ = {
			isa = XCBuildConfiguration;
			buildSettings = {
				ALWAYS_SEARCH_USER_PATHS = NO;
				ASSETCATALOG_COMPILER_GENERATE_SWIFT_ASSET_SYMBOL_EXTENSIONS = YES;
				CLANG_ANALYZER_NONNULL = YES;
				CLANG_ANALYZER_NUMBER_OBJECT_CONVERSION = YES_AGGRESSIVE;
				CLANG_CXX_LANGUAGE_STANDARD = "gnu++20";
				CLANG_ENABLE_MODULES = YES;
				CLANG_ENABLE_OBJC_ARC = YES;
				CLANG_ENABLE_OBJC_WEAK = YES;
				CLANG_WARN_BLOCK_CAPTURE_AUTORELEASING = YES;
				CLANG_WARN_BOOL_CONVERSION = YES;
				CLANG_WARN_COMMA = YES;
				CLANG_WARN_CONSTANT_CONVERSION = YES;
				CLANG_WARN_DEPRECATED_OBJC_IMPLEMENTATIONS = YES;
				CLANG_WARN_DIRECT_OBJC_ISA_USAGE = YES_ERROR;
				CLANG_WARN_DOCUMENTATION_COMMENTS = YES;
				CLANG_WARN_EMPTY_BODY = YES;
				CLANG_WARN_ENUM_CONVERSION = YES;
				CLANG_WARN_INFINITE_RECURSION = YES;
				CLANG_WARN_INT_CONVERSION = YES;
				CLANG_WARN_NON_LITERAL_NULL_CONVERSION = YES;
				CLANG_WARN_OBJC_IMPLICIT_RETAIN_SELF = YES;
				CLANG_WARN_OBJC_LITERAL_CONVERSION = YES;
				CLANG_WARN_OBJC_ROOT_CLASS = YES_ERROR;
				CLANG_WARN_QUOTED_INCLUDE_IN_FRAMEWORK_HEADER = YES;
				CLANG_WARN_RANGE_LOOP_ANALYSIS = YES;
				CLANG_WARN_STRICT_PROTOTYPES = YES;
				CLANG_WARN_SUSPICIOUS_MOVE = YES;
				CLANG_WARN_UNGUARDED_AVAILABILITY = YES_AGGRESSIVE;
				CLANG_WARN_UNREACHABLE_CODE = YES;
				CLANG_WARN__DUPLICATE_METHOD_MATCH = YES;
				COPY_PHASE_STRIP = NO;
				DEBUG_INFORMATION_FORMAT = dwarf;
				ENABLE_STRICT_OBJC_MSGSEND = YES;
				ENABLE_TESTABILITY = YES;
				ENABLE_USER_SCRIPT_SANDBOXING = YES;
				GCC_C_LANGUAGE_STANDARD = gnu17;
				GCC_DYNAMIC_NO_PIC = NO;
				GCC_NO_COMMON_BLOCKS = YES;
				GCC_OPTIMIZATION_LEVEL = 0;
				GCC_PREPROCESSOR_DEFINITIONS = (
					"DEBUG=1",
					"$(inherited)",
				);
				GCC_WARN_64_TO_32_BIT_CONVERSION = YES;
				GCC_WARN_ABOUT_RETURN_TYPE = YES_ERROR;
				GCC_WARN_UNDECLARED_SELECTOR = YES;
				GCC_WARN_UNINITIALIZED_AUTOS = YES_AGGRESSIVE;
				GCC_WARN_UNUSED_FUNCTION = YES;
				GCC_WARN_UNUSED_VARIABLE = YES;
				LOCALIZATION_PREFERS_STRING_CATALOGS = YES;
				MACOSX_DEPLOYMENT_TARGET = 13.6;
				MTL_ENABLE_DEBUG_INFO = INCLUDE_SOURCE;
				MTL_FAST_MATH = YES;
				ONLY_ACTIVE_ARCH = YES;
				SDKROOT = macosx;
				SWIFT_ACTIVE_COMPILATION_CONDITIONS = "DEBUG $(inherited)";
				SWIFT_OPTIMIZATION_LEVEL = "-Onone";
			};
			name = Debug;
		};
		D8A181FF2BCCFFEA00D3F10C /* Release */ = {
			isa = XCBuildConfiguration;
			buildSettings = {
				ALWAYS_SEARCH_USER_PATHS = NO;
				ASSETCATALOG_COMPILER_GENERATE_SWIFT_ASSET_SYMBOL_EXTENSIONS = YES;
				CLANG_ANALYZER_NONNULL = YES;
				CLANG_ANALYZER_NUMBER_OBJECT_CONVERSION = YES_AGGRESSIVE;
				CLANG_CXX_LANGUAGE_STANDARD = "gnu++20";
				CLANG_ENABLE_MODULES = YES;
				CLANG_ENABLE_OBJC_ARC = YES;
				CLANG_ENABLE_OBJC_WEAK = YES;
				CLANG_WARN_BLOCK_CAPTURE_AUTORELEASING = YES;
				CLANG_WARN_BOOL_CONVERSION = YES;
				CLANG_WARN_COMMA = YES;
				CLANG_WARN_CONSTANT_CONVERSION = YES;
				CLANG_WARN_DEPRECATED_OBJC_IMPLEMENTATIONS = YES;
				CLANG_WARN_DIRECT_OBJC_ISA_USAGE = YES_ERROR;
				CLANG_WARN_DOCUMENTATION_COMMENTS = YES;
				CLANG_WARN_EMPTY_BODY = YES;
				CLANG_WARN_ENUM_CONVERSION = YES;
				CLANG_WARN_INFINITE_RECURSION = YES;
				CLANG_WARN_INT_CONVERSION = YES;
				CLANG_WARN_NON_LITERAL_NULL_CONVERSION = YES;
				CLANG_WARN_OBJC_IMPLICIT_RETAIN_SELF = YES;
				CLANG_WARN_OBJC_LITERAL_CONVERSION = YES;
				CLANG_WARN_OBJC_ROOT_CLASS = YES_ERROR;
				CLANG_WARN_QUOTED_INCLUDE_IN_FRAMEWORK_HEADER = YES;
				CLANG_WARN_RANGE_LOOP_ANALYSIS = YES;
				CLANG_WARN_STRICT_PROTOTYPES = YES;
				CLANG_WARN_SUSPICIOUS_MOVE = YES;
				CLANG_WARN_UNGUARDED_AVAILABILITY = YES_AGGRESSIVE;
				CLANG_WARN_UNREACHABLE_CODE = YES;
				CLANG_WARN__DUPLICATE_METHOD_MATCH = YES;
				COPY_PHASE_STRIP = NO;
				DEBUG_INFORMATION_FORMAT = "dwarf-with-dsym";
				ENABLE_NS_ASSERTIONS = NO;
				ENABLE_STRICT_OBJC_MSGSEND = YES;
				ENABLE_USER_SCRIPT_SANDBOXING = YES;
				GCC_C_LANGUAGE_STANDARD = gnu17;
				GCC_NO_COMMON_BLOCKS = YES;
				GCC_WARN_64_TO_32_BIT_CONVERSION = YES;
				GCC_WARN_ABOUT_RETURN_TYPE = YES_ERROR;
				GCC_WARN_UNDECLARED_SELECTOR = YES;
				GCC_WARN_UNINITIALIZED_AUTOS = YES_AGGRESSIVE;
				GCC_WARN_UNUSED_FUNCTION = YES;
				GCC_WARN_UNUSED_VARIABLE = YES;
				LOCALIZATION_PREFERS_STRING_CATALOGS = YES;
				MACOSX_DEPLOYMENT_TARGET = 13.6;
				MTL_ENABLE_DEBUG_INFO = NO;
				MTL_FAST_MATH = YES;
				SDKROOT = macosx;
				SWIFT_COMPILATION_MODE = wholemodule;
			};
			name = Release;
		};
		D8A182012BCCFFEA00D3F10C /* Debug */ = {
			isa = XCBuildConfiguration;
			buildSettings = {
				ASSETCATALOG_COMPILER_APPICON_NAME = AppIcon;
				"ASSETCATALOG_COMPILER_APPICON_NAME[sdk=macosx*]" = "fitness-icon-for-your-website-design-logo-app-ui-free-vector.jpg";
				ASSETCATALOG_COMPILER_GLOBAL_ACCENT_COLOR_NAME = AccentColor;
				ASSETCATALOG_COMPILER_INCLUDE_ALL_APPICON_ASSETS = YES;
				CODE_SIGN_ENTITLEMENTS = newAPP/newAPP.entitlements;
				CODE_SIGN_STYLE = Automatic;
				COMBINE_HIDPI_IMAGES = YES;
				CURRENT_PROJECT_VERSION = 1;
				DEVELOPMENT_ASSET_PATHS = "\"newAPP/Preview Content\"";
				ENABLE_PREVIEWS = YES;
				GENERATE_INFOPLIST_FILE = YES;
				INFOPLIST_KEY_NSHumanReadableCopyright = "";
				LD_RUNPATH_SEARCH_PATHS = (
					"$(inherited)",
					"@executable_path/../Frameworks",
				);
				MARKETING_VERSION = 1.0;
				PRODUCT_BUNDLE_IDENTIFIER = "SDL-10.newAPP";
				PRODUCT_NAME = "$(TARGET_NAME)";
				SWIFT_EMIT_LOC_STRINGS = YES;
				SWIFT_VERSION = 5.0;
			};
			name = Debug;
		};
		D8A182022BCCFFEA00D3F10C /* Release */ = {
			isa = XCBuildConfiguration;
			buildSettings = {
				ASSETCATALOG_COMPILER_APPICON_NAME = AppIcon;
				"ASSETCATALOG_COMPILER_APPICON_NAME[sdk=macosx*]" = "fitness-icon-for-your-website-design-logo-app-ui-free-vector.jpg";
				ASSETCATALOG_COMPILER_GLOBAL_ACCENT_COLOR_NAME = AccentColor;
				ASSETCATALOG_COMPILER_INCLUDE_ALL_APPICON_ASSETS = YES;
				CODE_SIGN_ENTITLEMENTS = newAPP/newAPP.entitlements;
				CODE_SIGN_STYLE = Automatic;
				COMBINE_HIDPI_IMAGES = YES;
				CURRENT_PROJECT_VERSION = 1;
				DEVELOPMENT_ASSET_PATHS = "\"newAPP/Preview Content\"";
				ENABLE_PREVIEWS = YES;
				GENERATE_INFOPLIST_FILE = YES;
				INFOPLIST_KEY_NSHumanReadableCopyright = "";
				LD_RUNPATH_SEARCH_PATHS = (
					"$(inherited)",
					"@executable_path/../Frameworks",
				);
				MARKETING_VERSION = 1.0;
				PRODUCT_BUNDLE_IDENTIFIER = "SDL-10.newAPP";
				PRODUCT_NAME = "$(TARGET_NAME)";
				SWIFT_EMIT_LOC_STRINGS = YES;
				SWIFT_VERSION = 5.0;
			};
			name = Release;
		};
		D8A182042BCCFFEA00D3F10C /* Debug */ = {
			isa = XCBuildConfiguration;
			buildSettings = {
				ALWAYS_EMBED_SWIFT_STANDARD_LIBRARIES = YES;
				BUNDLE_LOADER = "$(TEST_HOST)";
				CODE_SIGN_STYLE = Automatic;
				CURRENT_PROJECT_VERSION = 1;
				GENERATE_INFOPLIST_FILE = YES;
				MACOSX_DEPLOYMENT_TARGET = 13.6;
				MARKETING_VERSION = 1.0;
				PRODUCT_BUNDLE_IDENTIFIER = "SDL-10.newAPPTests";
				PRODUCT_NAME = "$(TARGET_NAME)";
				SWIFT_EMIT_LOC_STRINGS = NO;
				SWIFT_VERSION = 5.0;
				TEST_HOST = "$(BUILT_PRODUCTS_DIR)/newAPP.app/$(BUNDLE_EXECUTABLE_FOLDER_PATH)/newAPP";
			};
			name = Debug;
		};
		D8A182052BCCFFEA00D3F10C /* Release */ = {
			isa = XCBuildConfiguration;
			buildSettings = {
				ALWAYS_EMBED_SWIFT_STANDARD_LIBRARIES = YES;
				BUNDLE_LOADER = "$(TEST_HOST)";
				CODE_SIGN_STYLE = Automatic;
				CURRENT_PROJECT_VERSION = 1;
				GENERATE_INFOPLIST_FILE = YES;
				MACOSX_DEPLOYMENT_TARGET = 13.6;
				MARKETING_VERSION = 1.0;
				PRODUCT_BUNDLE_IDENTIFIER = "SDL-10.newAPPTests";
				PRODUCT_NAME = "$(TARGET_NAME)";
				SWIFT_EMIT_LOC_STRINGS = NO;
				SWIFT_VERSION = 5.0;
				TEST_HOST = "$(BUILT_PRODUCTS_DIR)/newAPP.app/$(BUNDLE_EXECUTABLE_FOLDER_PATH)/newAPP";
			};
			name = Release;
		};
		D8A182072BCCFFEA00D3F10C /* Debug */ = {
			isa = XCBuildConfiguration;
			buildSettings = {
				ALWAYS_EMBED_SWIFT_STANDARD_LIBRARIES = YES;
				CODE_SIGN_STYLE = Automatic;
				CURRENT_PROJECT_VERSION = 1;
				GENERATE_INFOPLIST_FILE = YES;
				MARKETING_VERSION = 1.0;
				PRODUCT_BUNDLE_IDENTIFIER = "SDL-10.newAPPUITests";
				PRODUCT_NAME = "$(TARGET_NAME)";
				SWIFT_EMIT_LOC_STRINGS = NO;
				SWIFT_VERSION = 5.0;
				TEST_TARGET_NAME = newAPP;
			};
			name = Debug;
		};
		D8A182082BCCFFEA00D3F10C /* Release */ = {
			isa = XCBuildConfiguration;
			buildSettings = {
				ALWAYS_EMBED_SWIFT_STANDARD_LIBRARIES = YES;
				CODE_SIGN_STYLE = Automatic;
				CURRENT_PROJECT_VERSION = 1;
				GENERATE_INFOPLIST_FILE = YES;
				MARKETING_VERSION = 1.0;
				PRODUCT_BUNDLE_IDENTIFIER = "SDL-10.newAPPUITests";
				PRODUCT_NAME = "$(TARGET_NAME)";
				SWIFT_EMIT_LOC_STRINGS = NO;
				SWIFT_VERSION = 5.0;
				TEST_TARGET_NAME = newAPP;
			};
			name = Release;
		};
/* End XCBuildConfiguration section */

/* Begin XCConfigurationList section */
		D8A181D62BCCFFE600D3F10C /* Build configuration list for PBXProject "newAPP" */ = {
			isa = XCConfigurationList;
			buildConfigurations = (
				D8A181FE2BCCFFEA00D3F10C /* Debug */,
				D8A181FF2BCCFFEA00D3F10C /* Release */,
			);
			defaultConfigurationIsVisible = 0;
			defaultConfigurationName = Release;
		};
		D8A182002BCCFFEA00D3F10C /* Build configuration list for PBXNativeTarget "newAPP" */ = {
			isa = XCConfigurationList;
			buildConfigurations = (
				D8A182012BCCFFEA00D3F10C /* Debug */,
				D8A182022BCCFFEA00D3F10C /* Release */,
			);
			defaultConfigurationIsVisible = 0;
			defaultConfigurationName = Release;
		};
		D8A182032BCCFFEA00D3F10C /* Build configuration list for PBXNativeTarget "newAPPTests" */ = {
			isa = XCConfigurationList;
			buildConfigurations = (
				D8A182042BCCFFEA00D3F10C /* Debug */,
				D8A182052BCCFFEA00D3F10C /* Release */,
			);
			defaultConfigurationIsVisible = 0;
			defaultConfigurationName = Release;
		};
		D8A182062BCCFFEA00D3F10C /* Build configuration list for PBXNativeTarget "newAPPUITests" */ = {
			isa = XCConfigurationList;
			buildConfigurations = (
				D8A182072BCCFFEA00D3F10C /* Debug */,
				D8A182082BCCFFEA00D3F10C /* Release */,
			);
			defaultConfigurationIsVisible = 0;
			defaultConfigurationName = Release;
		};
/* End XCConfigurationList section */

/* Begin XCRemoteSwiftPackageReference section */
		D8F326E32BCD00B10066B411 /* XCRemoteSwiftPackageReference "YouTubeKit" */ = {
			isa = XCRemoteSwiftPackageReference;
			repositoryURL = "https://github.com/b5i/YouTubeKit";
			requirement = {
				branch = main;
				kind = branch;
			};
		};
/* End XCRemoteSwiftPackageReference section */

/* Begin XCSwiftPackageProductDependency section */
		D8F326E42BCD00B10066B411 /* YouTubeKit */ = {
			isa = XCSwiftPackageProductDependency;
			package = D8F326E32BCD00B10066B411 /* XCRemoteSwiftPackageReference "YouTubeKit" */;
			productName = YouTubeKit;
		};
/* End XCSwiftPackageProductDependency section */
	};
	rootObject = D8A181D32BCCFFE600D3F10C /* Project object */;
}
